
Microsoft Visual Studio Solution File, Format Version 12.00
# Visual Studio Version 17
VisualStudioVersion = 17.14.36908.2
MinimumVisualStudioVersion = 10.0.40219.1
Project("{FAE04EC0-301F-11D3-BF4B-00C04F79EFBC}") = "zzzj_Net", "zzzj_Net\zzzj_Net.csproj", "{8CFA6B69-3557-4ADD-8A5F-B0260D04D9F8}"
EndProject
Project("{FAE04EC0-301F-11D3-BF4B-00C04F79EFBC}") = "FlashWing", "FlashWing\FlashWing.csproj", "{EBD4E288-D031-4AE7-A951-AE6E206C55FD}"
EndProject
Project("{FAE04EC0-301F-11D3-BF4B-00C04F79EFBC}") = "datasstool", "datasstool\datasstool.csproj", "{1081EB9A-38CD-41DC-975F-3025E219A075}"
EndProject
Global
	GlobalSection(SolutionConfigurationPlatforms) = preSolution
		Debug|Any CPU = Debug|Any CPU
		Release|Any CPU = Release|Any CPU
	EndGlobalSection
	GlobalSection(ProjectConfigurationPlatforms) = postSolution
		{8CFA6B69-3557-4ADD-8A5F-B0260D04D9F8}.Debug|Any CPU.ActiveCfg = Debug|Any CPU
		{8CFA6B69-3557-4ADD-8A5F-B0260D04D9F8}.Debug|Any CPU.Build.0 = Debug|Any CPU
		{8CFA6B69-3557-4ADD-8A5F-B0260D04D9F8}.Release|Any CPU.ActiveCfg = Release|Any CPU
		{8CFA6B69-3557-4ADD-8A5F-B0260D04D9F8}.Release|Any CPU.Build.0 = Release|Any CPU
		{EBD4E288-D031-4AE7-A951-AE6E206C55FD}.Debug|Any CPU.ActiveCfg = Debug|Any CPU
		{EBD4E288-D031-4AE7-A951-AE6E206C55FD}.Debug|Any CPU.Build.0 = Debug|Any CPU
		{EBD4E288-D031-4AE7-A951-AE6E206C55FD}.Release|Any CPU.ActiveCfg = Release|Any CPU
		{EBD4E288-D031-4AE7-A951-AE6E206C55FD}.Release|Any CPU.Build.0 = Release|Any CPU
		{1081EB9A-38CD-41DC-975F-3025E219A075}.Debug|Any CPU.ActiveCfg = Debug|Any CPU
		{1081EB9A-38CD-41DC-975F-3025E219A075}.Debug|Any CPU.Build.0 = Debug|Any CPU
		{1081EB9A-38CD-41DC-975F-3025E219A075}.Release|Any CPU.ActiveCfg = Release|Any CPU
		{1081EB9A-38CD-41DC-975F-3025E219A075}.Release|Any CPU.Build.0 = Release|Any CPU
	EndGlobalSection
	GlobalSection(SolutionProperties) = preSolution
		HideSolutionNode = FALSE
	EndGlobalSection
	GlobalSection(ExtensibilityGlobals) = postSolution
		SolutionGuid = {FCEA1C2B-B0EB-4030-9620-DF14D0BC7230}
	EndGlobalSection
EndGlobal
